Microsoft Visual Studio Solution File, Format Version 12.00
# Visual Studio Version 17
VisualStudioVersion = 17.5.2.0
MinimumVisualStudioVersion = 10.0.40219.1
Project("{2150E333-8FDC-42A3-9474-1A3956D46DE8}") = "back-end", "back-end", "{B670D836-3F3F-1B65-310F-B37E3F845B14}"
EndProject
Project("{FAE04EC0-301F-11D3-BF4B-00C04F79EFBC}") = "AlbumFigurinhas.Api", "back-end\AlbumFigurinhas.Api.csproj", "{5E94C705-F93C-8B95-D152-EAADC9B8B5CF}"
EndProject
Global
	GlobalSection(SolutionConfigurationPlatforms) = preSolution
		Debug|Any CPU = Debug|Any CPU
		Release|Any CPU = Release|Any CPU
	EndGlobalSection
	GlobalSection(ProjectConfigurationPlatforms) = postSolution
		{5E94C705-F93C-8B95-D152-EAADC9B8B5CF}.Debug|Any CPU.ActiveCfg = Debug|Any CPU
		{5E94C705-F93C-8B95-D152-EAADC9B8B5CF}.Debug|Any CPU.Build.0 = Debug|Any CPU
		{5E94C705-F93C-8B95-D152-EAADC9B8B5CF}.Release|Any CPU.ActiveCfg = Release|Any CPU
		{5E94C705-F93C-8B95-D152-EAADC9B8B5CF}.Release|Any CPU.Build.0 = Release|Any CPU
	EndGlobalSection
	GlobalSection(SolutionProperties) = preSolution
		HideSolutionNode = FALSE
	EndGlobalSection
	GlobalSection(NestedProjects) = preSolution
		{5E94C705-F93C-8B95-D152-EAADC9B8B5CF} = {B670D836-3F3F-1B65-310F-B37E3F845B14}
	EndGlobalSection
	GlobalSection(ExtensibilityGlobals) = postSolution
		SolutionGuid = {CF265D08-E089-442F-9C83-DF0A5B295676}
	EndGlobalSection
EndGlobal
